
Microsoft Visual Studio Solution File, Format Version 12.00
# Visual Studio Version 17
VisualStudioVersion = 17.7.34031.279
MinimumVisualStudioVersion = 10.0.40219.1
Project("{FAE04EC0-301F-11D3-BF4B-00C04F79EFBC}") = "amusement_park", "amusement_park\amusement_park.csproj", "{608D3113-F730-4E4D-8AD0-B41B5252D7E8}"
EndProject
Global
	GlobalSection(SolutionConfigurationPlatforms) = preSolution
		Debug|Any CPU = Debug|Any CPU
		Debug|ARM64 = Debug|ARM64
		Release|Any CPU = Release|Any CPU
		Release|ARM64 = Release|ARM64
	EndGlobalSection
	GlobalSection(ProjectConfigurationPlatforms) = postSolution
		{608D3113-F730-4E4D-8AD0-B41B5252D7E8}.Debug|Any CPU.ActiveCfg = Debug|Any CPU
		{608D3113-F730-4E4D-8AD0-B41B5252D7E8}.Debug|Any CPU.Build.0 = Debug|Any CPU
		{608D3113-F730-4E4D-8AD0-B41B5252D7E8}.Debug|ARM64.ActiveCfg = Debug|ARM64
		{608D3113-F730-4E4D-8AD0-B41B5252D7E8}.Debug|ARM64.Build.0 = Debug|ARM64
		{608D3113-F730-4E4D-8AD0-B41B5252D7E8}.Release|Any CPU.ActiveCfg = Release|Any CPU
		{608D3113-F730-4E4D-8AD0-B41B5252D7E8}.Release|Any CPU.Build.0 = Release|Any CPU
		{608D3113-F730-4E4D-8AD0-B41B5252D7E8}.Release|ARM64.ActiveCfg = Release|ARM64
		{608D3113-F730-4E4D-8AD0-B41B5252D7E8}.Release|ARM64.Build.0 = Release|ARM64
	EndGlobalSection
	GlobalSection(SolutionProperties) = preSolution
		HideSolutionNode = FALSE
	EndGlobalSection
	GlobalSection(ExtensibilityGlobals) = postSolution
		SolutionGuid = {CF56C916-FC7A-482F-820E-F14DCF25B00D}
	EndGlobalSection
EndGlobal
